
Microsoft Visual Studio Solution File, Format Version 12.00
# Visual Studio Version 17
VisualStudioVersion = 17.3.32825.248
MinimumVisualStudioVersion = 10.0.40219.1
Project("{FAE04EC0-301F-11D3-BF4B-00C04F79EFBC}") = "Barb", "Barb\Barb.csproj", "{DC1BFE9C-2C0E-4EC5-A826-79FBCC364C3B}"
EndProject
Global
	GlobalSection(SolutionConfigurationPlatforms) = preSolution
		Debug|Any CPU = Debug|Any CPU
		Release|Any CPU = Release|Any CPU
	EndGlobalSection
	GlobalSection(ProjectConfigurationPlatforms) = postSolution
		{DC1BFE9C-2C0E-4EC5-A826-79FBCC364C3B}.Debug|Any CPU.ActiveCfg = Debug|Any CPU
		{DC1BFE9C-2C0E-4EC5-A826-79FBCC364C3B}.Debug|Any CPU.Build.0 = Debug|Any CPU
		{DC1BFE9C-2C0E-4EC5-A826-79FBCC364C3B}.Release|Any CPU.ActiveCfg = Release|Any CPU
		{DC1BFE9C-2C0E-4EC5-A826-79FBCC364C3B}.Release|Any CPU.Build.0 = Release|Any CPU
	EndGlobalSection
	GlobalSection(SolutionProperties) = preSolution
		HideSolutionNode = FALSE
	EndGlobalSection
	GlobalSection(ExtensibilityGlobals) = postSolution
		SolutionGuid = {E19F385D-D810-4889-A0D2-8EDEB10E6208}
	EndGlobalSection
EndGlobal
